// !$*UTF8*$!
{
	archiveVersion = 1;
	classes = {
	};
	objectVersion = 56;
	objects = {

/* Begin PBXBuildFile section */
		FD1076AE2AB749A300A875D2 /* Observable.swift in Sources */ = {isa = PBXBuildFile; fileRef = FD1076AD2AB749A300A875D2 /* Observable.swift */; };
		FD1076B02AB7560B00A875D2 /* MainCell.swift in Sources */ = {isa = PBXBuildFile; fileRef = FD1076AF2AB7560B00A875D2 /* MainCell.swift */; };
		FD1076B22AB7596600A875D2 /* MainCellViewModel.swift in Sources */ = {isa = PBXBuildFile; fileRef = FD1076B12AB7596600A875D2 /* MainCellViewModel.swift */; };
		FD9E5F6F2AB73748001A9F65 /* EndPoint.swift in Sources */ = {isa = PBXBuildFile; fileRef = FD9E5F6E2AB73748001A9F65 /* EndPoint.swift */; };
		FD9E5F712AB73A25001A9F65 /* Users.swift in Sources */ = {isa = PBXBuildFile; fileRef = FD9E5F702AB73A25001A9F65 /* Users.swift */; };
		FD9E5F742AB73C68001A9F65 /* URLSession + Extension.swift in Sources */ = {isa = PBXBuildFile; fileRef = FD9E5F732AB73C68001A9F65 /* URLSession + Extension.swift */; };
		FD9E5F762AB73E15001A9F65 /* NetworkError.swift in Sources */ = {isa = PBXBuildFile; fileRef = FD9E5F752AB73E15001A9F65 /* NetworkError.swift */; };
		FD9E5F782AB73E75001A9F65 /* NetworkRequest.swift in Sources */ = {isa = PBXBuildFile; fileRef = FD9E5F772AB73E75001A9F65 /* NetworkRequest.swift */; };
		FD9E5F7A2AB7401B001A9F65 /* NetworkDataFetch.swift in Sources */ = {isa = PBXBuildFile; fileRef = FD9E5F792AB7401B001A9F65 /* NetworkDataFetch.swift */; };
		FDC4CBFE2AB7207F00A1D94E /* AppDelegate.swift in Sources */ = {isa = PBXBuildFile; fileRef = FDC4CBFD2AB7207F00A1D94E /* AppDelegate.swift */; };
		FDC4CC002AB7207F00A1D94E /* SceneDelegate.swift in Sources */ = {isa = PBXBuildFile; fileRef = FDC4CBFF2AB7207F00A1D94E /* SceneDelegate.swift */; };
		FDC4CC022AB7207F00A1D94E /* MainViewController.swift in Sources */ = {isa = PBXBuildFile; fileRef = FDC4CC012AB7207F00A1D94E /* MainViewController.swift */; };
		FDC4CC072AB7208200A1D94E /* Assets.xcassets in Resources */ = {isa = PBXBuildFile; fileRef = FDC4CC062AB7208200A1D94E /* Assets.xcassets */; };
		FDC4CC0A2AB7208200A1D94E /* LaunchScreen.storyboard in Resources */ = {isa = PBXBuildFile; fileRef = FDC4CC082AB7208200A1D94E /* LaunchScreen.storyboard */; };
		FDC4CC192AB72BDA00A1D94E /* MainViewController + TableView.swift in Sources */ = {isa = PBXBuildFile; fileRef = FDC4CC182AB72BDA00A1D94E /* MainViewController + TableView.swift */; };
		FDC4CC1B2AB72D5400A1D94E /* MainViewModel.swift in Sources */ = {isa = PBXBuildFile; fileRef = FDC4CC1A2AB72D5400A1D94E /* MainViewModel.swift */; };
/* End PBXBuildFile section */

/* Begin PBXFileReference section */
		FD1076AD2AB749A300A875D2 /* Observable.swift */ = {isa = PBXFileReference; lastKnownFileType = sourcecode.swift; path = Observable.swift; sourceTree = "<group>"; };
		FD1076AF2AB7560B00A875D2 /* MainCell.swift */ = {isa = PBXFileReference; lastKnownFileType = sourcecode.swift; path = MainCell.swift; sourceTree = "<group>"; };
		FD1076B12AB7596600A875D2 /* MainCellViewModel.swift */ = {isa = PBXFileReference; lastKnownFileType = sourcecode.swift; path = MainCellViewModel.swift; sourceTree = "<group>"; };
		FD9E5F6E2AB73748001A9F65 /* EndPoint.swift */ = {isa = PBXFileReference; lastKnownFileType = sourcecode.swift; path = EndPoint.swift; sourceTree = "<group>"; };
		FD9E5F702AB73A25001A9F65 /* Users.swift */ = {isa = PBXFileReference; lastKnownFileType = sourcecode.swift; path = Users.swift; sourceTree = "<group>"; };
		FD9E5F732AB73C68001A9F65 /* URLSession + Extension.swift */ = {isa = PBXFileReference; lastKnownFileType = sourcecode.swift; path = "URLSession + Extension.swift"; sourceTree = "<group>"; };
		FD9E5F752AB73E15001A9F65 /* NetworkError.swift */ = {isa = PBXFileReference; lastKnownFileType = sourcecode.swift; path = NetworkError.swift; sourceTree = "<group>"; };
		FD9E5F772AB73E75001A9F65 /* NetworkRequest.swift */ = {isa = PBXFileReference; lastKnownFileType = sourcecode.swift; path = NetworkRequest.swift; sourceTree = "<group>"; };
		FD9E5F792AB7401B001A9F65 /* NetworkDataFetch.swift */ = {isa = PBXFileReference; lastKnownFileType = sourcecode.swift; path = NetworkDataFetch.swift; sourceTree = "<group>"; };
		FDC4CBFA2AB7207F00A1D94E /* MVVM TableView.app */ = {isa = PBXFileReference; explicitFileType = wrapper.application; includeInIndex = 0; path = "MVVM TableView.app"; sourceTree = BUILT_PRODUCTS_DIR; };
		FDC4CBFD2AB7207F00A1D94E /* AppDelegate.swift */ = {isa = PBXFileReference; lastKnownFileType = sourcecode.swift; path = AppDelegate.swift; sourceTree = "<group>"; };
		FDC4CBFF2AB7207F00A1D94E /* SceneDelegate.swift */ = {isa = PBXFileReference; lastKnownFileType = sourcecode.swift; path = SceneDelegate.swift; sourceTree = "<group>"; };
		FDC4CC012AB7207F00A1D94E /* MainViewController.swift */ = {isa = PBXFileReference; lastKnownFileType = sourcecode.swift; path = MainViewController.swift; sourceTree = "<group>"; };
		FDC4CC062AB7208200A1D94E /* Assets.xcassets */ = {isa = PBXFileReference; lastKnownFileType = folder.assetcatalog; path = Assets.xcassets; sourceTree = "<group>"; };
		FDC4CC092AB7208200A1D94E /* Base */ = {isa = PBXFileReference; lastKnownFileType = file.storyboard; name = Base; path = Base.lproj/LaunchScreen.storyboard; sourceTree = "<group>"; };
		FDC4CC0B2AB7208200A1D94E /* Info.plist */ = {isa = PBXFileReference; lastKnownFileType = text.plist.xml; path = Info.plist; sourceTree = "<group>"; };
		FDC4CC182AB72BDA00A1D94E /* MainViewController + TableView.swift */ = {isa = PBXFileReference; lastKnownFileType = sourcecode.swift; path = "MainViewController + TableView.swift"; sourceTree = "<group>"; };
		FDC4CC1A2AB72D5400A1D94E /* MainViewModel.swift */ = {isa = PBXFileReference; lastKnownFileType = sourcecode.swift; path = MainViewModel.swift; sourceTree = "<group>"; };
/* End PBXFileReference section */

/* Begin PBXFrameworksBuildPhase section */
		FDC4CBF72AB7207F00A1D94E /* Frameworks */ = {
			isa = PBXFrameworksBuildPhase;
			buildActionMask = 2147483647;
			files = (
			);
			runOnlyForDeploymentPostprocessing = 0;
		};
/* End PBXFrameworksBuildPhase section */

/* Begin PBXGroup section */
		FD1076AC2AB7498600A875D2 /* Helpers */ = {
			isa = PBXGroup;
			children = (
				FD1076AD2AB749A300A875D2 /* Observable.swift */,
			);
			path = Helpers;
			sourceTree = "<group>";
		};
		FD9E5F6D2AB7370E001A9F65 /* NetworkManager */ = {
			isa = PBXGroup;
			children = (
				FD9E5F6E2AB73748001A9F65 /* EndPoint.swift */,
				FD9E5F752AB73E15001A9F65 /* NetworkError.swift */,
				FD9E5F772AB73E75001A9F65 /* NetworkRequest.swift */,
				FD9E5F792AB7401B001A9F65 /* NetworkDataFetch.swift */,
			);
			path = NetworkManager;
			sourceTree = "<group>";
		};
		FD9E5F722AB73C2C001A9F65 /* Extensions */ = {
			isa = PBXGroup;
			children = (
				FD9E5F732AB73C68001A9F65 /* URLSession + Extension.swift */,
			);
			path = Extensions;
			sourceTree = "<group>";
		};
		FDC4CBF12AB7207F00A1D94E = {
			isa = PBXGroup;
			children = (
				FDC4CBFC2AB7207F00A1D94E /* MVVM TableView */,
				FDC4CBFB2AB7207F00A1D94E /* Products */,
			);
			sourceTree = "<group>";
		};
		FDC4CBFB2AB7207F00A1D94E /* Products */ = {
			isa = PBXGroup;
			children = (
				FDC4CBFA2AB7207F00A1D94E /* MVVM TableView.app */,
			);
			name = Products;
			sourceTree = "<group>";
		};
		FDC4CBFC2AB7207F00A1D94E /* MVVM TableView */ = {
			isa = PBXGroup;
			children = (
				FDC4CC112AB7250C00A1D94E /* Application */,
				FDC4CC142AB7254900A1D94E /* Models */,
				FDC4CC122AB7253800A1D94E /* Views */,
				FDC4CC132AB7254000A1D94E /* ViewModels */,
				FD9E5F6D2AB7370E001A9F65 /* NetworkManager */,
				FD1076AC2AB7498600A875D2 /* Helpers */,
				FD9E5F722AB73C2C001A9F65 /* Extensions */,
				FDC4CC152AB7256500A1D94E /* Supporting Files */,
			);
			path = "MVVM TableView";
			sourceTree = "<group>";
		};
		FDC4CC112AB7250C00A1D94E /* Application */ = {
			isa = PBXGroup;
			children = (
				FDC4CBFD2AB7207F00A1D94E /* AppDelegate.swift */,
				FDC4CBFF2AB7207F00A1D94E /* SceneDelegate.swift */,
			);
			path = Application;
			sourceTree = "<group>";
		};
		FDC4CC122AB7253800A1D94E /* Views */ = {
			isa = PBXGroup;
			children = (
				FDC4CC012AB7207F00A1D94E /* MainViewController.swift */,
				FDC4CC182AB72BDA00A1D94E /* MainViewController + TableView.swift */,
				FD1076AF2AB7560B00A875D2 /* MainCell.swift */,
			);
			path = Views;
			sourceTree = "<group>";
		};
		FDC4CC132AB7254000A1D94E /* ViewModels */ = {
			isa = PBXGroup;
			children = (
				FDC4CC1A2AB72D5400A1D94E /* MainViewModel.swift */,
				FD1076B12AB7596600A875D2 /* MainCellViewModel.swift */,
			);
			path = ViewModels;
			sourceTree = "<group>";
		};
		FDC4CC142AB7254900A1D94E /* Models */ = {
			isa = PBXGroup;
			children = (
				FD9E5F702AB73A25001A9F65 /* Users.swift */,
			);
			path = Models;
			sourceTree = "<group>";
		};
		FDC4CC152AB7256500A1D94E /* Supporting Files */ = {
			isa = PBXGroup;
			children = (
				FDC4CC062AB7208200A1D94E /* Assets.xcassets */,
				FDC4CC082AB7208200A1D94E /* LaunchScreen.storyboard */,
				FDC4CC0B2AB7208200A1D94E /* Info.plist */,
			);
			path = "Supporting Files";
			sourceTree = "<group>";
		};
/* End PBXGroup section */

/* Begin PBXNativeTarget section */
		FDC4CBF92AB7207F00A1D94E /* MVVM TableView */ = {
			isa = PBXNativeTarget;
			buildConfigurationList = FDC4CC0E2AB7208200A1D94E /* Build configuration list for PBXNativeTarget "MVVM TableView" */;
			buildPhases = (
				FDC4CBF62AB7207F00A1D94E /* Sources */,
				FDC4CBF72AB7207F00A1D94E /* Frameworks */,
				FDC4CBF82AB7207F00A1D94E /* Resources */,
			);
			buildRules = (
			);
			dependencies = (
			);
			name = "MVVM TableView";
			productName = "MVVM TableView";
			productReference = FDC4CBFA2AB7207F00A1D94E /* MVVM TableView.app */;
			productType = "com.apple.product-type.application";
		};
/* End PBXNativeTarget section */

/* Begin PBXProject section */
		FDC4CBF22AB7207F00A1D94E /* Project object */ = {
			isa = PBXProject;
			attributes = {
				BuildIndependentTargetsInParallel = 1;
				LastSwiftUpdateCheck = 1430;
				LastUpgradeCheck = 1430;
				TargetAttributes = {
					FDC4CBF92AB7207F00A1D94E = {
						CreatedOnToolsVersion = 14.3.1;
					};
				};
			};
			buildConfigurationList = FDC4CBF52AB7207F00A1D94E /* Build configuration list for PBXProject "MVVM TableView" */;
			compatibilityVersion = "Xcode 14.0";
			developmentRegion = en;
			hasScannedForEncodings = 0;
			knownRegions = (
				en,
				Base,
			);
			mainGroup = FDC4CBF12AB7207F00A1D94E;
			productRefGroup = FDC4CBFB2AB7207F00A1D94E /* Products */;
			projectDirPath = "";
			projectRoot = "";
			targets = (
				FDC4CBF92AB7207F00A1D94E /* MVVM TableView */,
			);
		};
/* End PBXProject section */

/* Begin PBXResourcesBuildPhase section */
		FDC4CBF82AB7207F00A1D94E /* Resources */ = {
			isa = PBXResourcesBuildPhase;
			buildActionMask = 2147483647;
			files = (
				FDC4CC0A2AB7208200A1D94E /* LaunchScreen.storyboard in Resources */,
				FDC4CC072AB7208200A1D94E /* Assets.xcassets in Resources */,
			);
			runOnlyForDeploymentPostprocessing = 0;
		};
/* End PBXResourcesBuildPhase section */

/* Begin PBXSourcesBuildPhase section */
		FDC4CBF62AB7207F00A1D94E /* Sources */ = {
			isa = PBXSourcesBuildPhase;
			buildActionMask = 2147483647;
			files = (
				FD9E5F6F2AB73748001A9F65 /* EndPoint.swift in Sources */,
				FDC4CC1B2AB72D5400A1D94E /* MainViewModel.swift in Sources */,
				FDC4CC022AB7207F00A1D94E /* MainViewController.swift in Sources */,
				FD1076B22AB7596600A875D2 /* MainCellViewModel.swift in Sources */,
				FDC4CC192AB72BDA00A1D94E /* MainViewController + TableView.swift in Sources */,
				FD1076AE2AB749A300A875D2 /* Observable.swift in Sources */,
				FD1076B02AB7560B00A875D2 /* MainCell.swift in Sources */,
				FD9E5F782AB73E75001A9F65 /* NetworkRequest.swift in Sources */,
				FDC4CBFE2AB7207F00A1D94E /* AppDelegate.swift in Sources */,
				FDC4CC002AB7207F00A1D94E /* SceneDelegate.swift in Sources */,
				FD9E5F7A2AB7401B001A9F65 /* NetworkDataFetch.swift in Sources */,
				FD9E5F762AB73E15001A9F65 /* NetworkError.swift in Sources */,
				FD9E5F742AB73C68001A9F65 /* URLSession + Extension.swift in Sources */,
				FD9E5F712AB73A25001A9F65 /* Users.swift in Sources */,
			);
			runOnlyForDeploymentPostprocessing = 0;
		};
/* End PBXSourcesBuildPhase section */

/* Begin PBXVariantGroup section */
		FDC4CC082AB7208200A1D94E /* LaunchScreen.storyboard */ = {
			isa = PBXVariantGroup;
			children = (
				FDC4CC092AB7208200A1D94E /* Base */,
			);
			name = LaunchScreen.storyboard;
			sourceTree = "<group>";
		};
/* End PBXVariantGroup section */

/* Begin XCBuildConfiguration section */
		FDC4CC0C2AB7208200A1D94E /* Debug */ = {
			isa = XCBuildConfiguration;
			buildSettings = {
				ALWAYS_SEARCH_USER_PATHS = NO;
				CLANG_ANALYZER_NONNULL = YES;
				CLANG_ANALYZER_NUMBER_OBJECT_CONVERSION = YES_AGGRESSIVE;
				CLANG_CXX_LANGUAGE_STANDARD = "gnu++20";
				CLANG_ENABLE_MODULES = YES;
				CLANG_ENABLE_OBJC_ARC = YES;
				CLANG_ENABLE_OBJC_WEAK = YES;
				CLANG_WARN_BLOCK_CAPTURE_AUTORELEASING = YES;
				CLANG_WARN_BOOL_CONVERSION = YES;
				CLANG_WARN_COMMA = YES;
				CLANG_WARN_CONSTANT_CONVERSION = YES;
				CLANG_WARN_DEPRECATED_OBJC_IMPLEMENTATIONS = YES;
				CLANG_WARN_DIRECT_OBJC_ISA_USAGE = YES_ERROR;
				CLANG_WARN_DOCUMENTATION_COMMENTS = YES;
				CLANG_WARN_EMPTY_BODY = YES;
				CLANG_WARN_ENUM_CONVERSION = YES;
				CLANG_WARN_INFINITE_RECURSION = YES;
				CLANG_WARN_INT_CONVERSION = YES;
				CLANG_WARN_NON_LITERAL_NULL_CONVERSION = YES;
				CLANG_WARN_OBJC_IMPLICIT_RETAIN_SELF = YES;
				CLANG_WARN_OBJC_LITERAL_CONVERSION = YES;
				CLANG_WARN_OBJC_ROOT_CLASS = YES_ERROR;
				CLANG_WARN_QUOTED_INCLUDE_IN_FRAMEWORK_HEADER = YES;
				CLANG_WARN_RANGE_LOOP_ANALYSIS = YES;
				CLANG_WARN_STRICT_PROTOTYPES = YES;
				CLANG_WARN_SUSPICIOUS_MOVE = YES;
				CLANG_WARN_UNGUARDED_AVAILABILITY = YES_AGGRESSIVE;
				CLANG_WARN_UNREACHABLE_CODE = YES;
				CLANG_WARN__DUPLICATE_METHOD_MATCH = YES;
				COPY_PHASE_STRIP = NO;
				DEBUG_INFORMATION_FORMAT = dwarf;
				ENABLE_STRICT_OBJC_MSGSEND = YES;
				ENABLE_TESTABILITY = YES;
				GCC_C_LANGUAGE_STANDARD = gnu11;
				GCC_DYNAMIC_NO_PIC = NO;
				GCC_NO_COMMON_BLOCKS = YES;
				GCC_OPTIMIZATION_LEVEL = 0;
				GCC_PREPROCESSOR_DEFINITIONS = (
					"DEBUG=1",
					"$(inherited)",
				);
				GCC_WARN_64_TO_32_BIT_CONVERSION = YES;
				GCC_WARN_ABOUT_RETURN_TYPE = YES_ERROR;
				GCC_WARN_UNDECLARED_SELECTOR = YES;
				GCC_WARN_UNINITIALIZED_AUTOS = YES_AGGRESSIVE;
				GCC_WARN_UNUSED_FUNCTION = YES;
				GCC_WARN_UNUSED_VARIABLE = YES;
				IPHONEOS_DEPLOYMENT_TARGET = 16.4;
				MTL_ENABLE_DEBUG_INFO = INCLUDE_SOURCE;
				MTL_FAST_MATH = YES;
				ONLY_ACTIVE_ARCH = YES;
				SDKROOT = iphoneos;
				SWIFT_ACTIVE_COMPILATION_CONDITIONS = DEBUG;
				SWIFT_OPTIMIZATION_LEVEL = "-Onone";
			};
			name = Debug;
		};
		FDC4CC0D2AB7208200A1D94E /* Release */ = {
			isa = XCBuildConfiguration;
			buildSettings = {
				ALWAYS_SEARCH_USER_PATHS = NO;
				CLANG_ANALYZER_NONNULL = YES;
				CLANG_ANALYZER_NUMBER_OBJECT_CONVERSION = YES_AGGRESSIVE;
				CLANG_CXX_LANGUAGE_STANDARD = "gnu++20";
				CLANG_ENABLE_MODULES = YES;
				CLANG_ENABLE_OBJC_ARC = YES;
				CLANG_ENABLE_OBJC_WEAK = YES;
				CLANG_WARN_BLOCK_CAPTURE_AUTORELEASING = YES;
				CLANG_WARN_BOOL_CONVERSION = YES;
				CLANG_WARN_COMMA = YES;
				CLANG_WARN_CONSTANT_CONVERSION = YES;
				CLANG_WARN_DEPRECATED_OBJC_IMPLEMENTATIONS = YES;
				CLANG_WARN_DIRECT_OBJC_ISA_USAGE = YES_ERROR;
				CLANG_WARN_DOCUMENTATION_COMMENTS = YES;
				CLANG_WARN_EMPTY_BODY = YES;
				CLANG_WARN_ENUM_CONVERSION = YES;
				CLANG_WARN_INFINITE_RECURSION = YES;
				CLANG_WARN_INT_CONVERSION = YES;
				CLANG_WARN_NON_LITERAL_NULL_CONVERSION = YES;
				CLANG_WARN_OBJC_IMPLICIT_RETAIN_SELF = YES;
				CLANG_WARN_OBJC_LITERAL_CONVERSION = YES;
				CLANG_WARN_OBJC_ROOT_CLASS = YES_ERROR;
				CLANG_WARN_QUOTED_INCLUDE_IN_FRAMEWORK_HEADER = YES;
				CLANG_WARN_RANGE_LOOP_ANALYSIS = YES;
				CLANG_WARN_STRICT_PROTOTYPES = YES;
				CLANG_WARN_SUSPICIOUS_MOVE = YES;
				CLANG_WARN_UNGUARDED_AVAILABILITY = YES_AGGRESSIVE;
				CLANG_WARN_UNREACHABLE_CODE = YES;
				CLANG_WARN__DUPLICATE_METHOD_MATCH = YES;
				COPY_PHASE_STRIP = NO;
				DEBUG_INFORMATION_FORMAT = "dwarf-with-dsym";
				ENABLE_NS_ASSERTIONS = NO;
				ENABLE_STRICT_OBJC_MSGSEND = YES;
				GCC_C_LANGUAGE_STANDARD = gnu11;
				GCC_NO_COMMON_BLOCKS = YES;
				GCC_WARN_64_TO_32_BIT_CONVERSION = YES;
				GCC_WARN_ABOUT_RETURN_TYPE = YES_ERROR;
				GCC_WARN_UNDECLARED_SELECTOR = YES;
				GCC_WARN_UNINITIALIZED_AUTOS = YES_AGGRESSIVE;
				GCC_WARN_UNUSED_FUNCTION = YES;
				GCC_WARN_UNUSED_VARIABLE = YES;
				IPHONEOS_DEPLOYMENT_TARGET = 16.4;
				MTL_ENABLE_DEBUG_INFO = NO;
				MTL_FAST_MATH = YES;
				SDKROOT = iphoneos;
				SWIFT_COMPILATION_MODE = wholemodule;
				SWIFT_OPTIMIZATION_LEVEL = "-O";
				VALIDATE_PRODUCT = YES;
			};
			name = Release;
		};
		FDC4CC0F2AB7208200A1D94E /* Debug */ = {
			isa = XCBuildConfiguration;
			buildSettings = {
				ASSETCATALOG_COMPILER_APPICON_NAME = AppIcon;
				ASSETCATALOG_COMPILER_GLOBAL_ACCENT_COLOR_NAME = AccentColor;
				CODE_SIGN_STYLE = Automatic;
				CURRENT_PROJECT_VERSION = 1;
				DEVELOPMENT_TEAM = 4765WXVJQU;
				GENERATE_INFOPLIST_FILE = YES;
				INFOPLIST_FILE = "MVVM TableView/Supporting Files/Info.plist";
				INFOPLIST_KEY_UIApplicationSupportsIndirectInputEvents = YES;
				INFOPLIST_KEY_UILaunchStoryboardName = LaunchScreen;
				INFOPLIST_KEY_UISupportedInterfaceOrientations_iPad = "UIInterfaceOrientationPortrait UIInterfaceOrientationPortraitUpsideDown UIInterfaceOrientationLandscapeLeft UIInterfaceOrientationLandscapeRight";
				INFOPLIST_KEY_UISupportedInterfaceOrientations_iPhone = "UIInterfaceOrientationPortrait UIInterfaceOrientationLandscapeLeft UIInterfaceOrientationLandscapeRight";
				LD_RUNPATH_SEARCH_PATHS = (
					"$(inherited)",
					"@executable_path/Frameworks",
				);
				MARKETING_VERSION = 1.0;
				PRODUCT_BUNDLE_IDENTIFIER = "Andrei-Sushkou.MVVM-TableView";
				PRODUCT_NAME = "$(TARGET_NAME)";
				SWIFT_EMIT_LOC_STRINGS = YES;
				SWIFT_VERSION = 5.0;
				TARGETED_DEVICE_FAMILY = "1,2";
			};
			name = Debug;
		};
		FDC4CC102AB7208200A1D94E /* Release */ = {
			isa = XCBuildConfiguration;
			buildSettings = {
				ASSETCATALOG_COMPILER_APPICON_NAME = AppIcon;
				ASSETCATALOG_COMPILER_GLOBAL_ACCENT_COLOR_NAME = AccentColor;
				CODE_SIGN_STYLE = Automatic;
				CURRENT_PROJECT_VERSION = 1;
				DEVELOPMENT_TEAM = 4765WXVJQU;
				GENERATE_INFOPLIST_FILE = YES;
				INFOPLIST_FILE = "MVVM TableView/Supporting Files/Info.plist";
				INFOPLIST_KEY_UIApplicationSupportsIndirectInputEvents = YES;
				INFOPLIST_KEY_UILaunchStoryboardName = LaunchScreen;
				INFOPLIST_KEY_UISupportedInterfaceOrientations_iPad = "UIInterfaceOrientationPortrait UIInterfaceOrientationPortraitUpsideDown UIInterfaceOrientationLandscapeLeft UIInterfaceOrientationLandscapeRight";
				INFOPLIST_KEY_UISupportedInterfaceOrientations_iPhone = "UIInterfaceOrientationPortrait UIInterfaceOrientationLandscapeLeft UIInterfaceOrientationLandscapeRight";
				LD_RUNPATH_SEARCH_PATHS = (
					"$(inherited)",
					"@executable_path/Frameworks",
				);
				MARKETING_VERSION = 1.0;
				PRODUCT_BUNDLE_IDENTIFIER = "Andrei-Sushkou.MVVM-TableView";
				PRODUCT_NAME = "$(TARGET_NAME)";
				SWIFT_EMIT_LOC_STRINGS = YES;
				SWIFT_VERSION = 5.0;
				TARGETED_DEVICE_FAMILY = "1,2";
			};
			name = Release;
		};
/* End XCBuildConfiguration section */

/* Begin XCConfigurationList section */
		FDC4CBF52AB7207F00A1D94E /* Build configuration list for PBXProject "MVVM TableView" */ = {
			isa = XCConfigurationList;
			buildConfigurations = (
				FDC4CC0C2AB7208200A1D94E /* Debug */,
				FDC4CC0D2AB7208200A1D94E /* Release */,
			);
			defaultConfigurationIsVisible = 0;
			defaultConfigurationName = Release;
		};
		FDC4CC0E2AB7208200A1D94E /* Build configuration list for PBXNativeTarget "MVVM TableView" */ = {
			isa = XCConfigurationList;
			buildConfigurations = (
				FDC4CC0F2AB7208200A1D94E /* Debug */,
				FDC4CC102AB7208200A1D94E /* Release */,
			);
			defaultConfigurationIsVisible = 0;
			defaultConfigurationName = Release;
		};
/* End XCConfigurationList section */
	};
	rootObject = FDC4CBF22AB7207F00A1D94E /* Project object */;
}
